
Microsoft Visual Studio Solution File, Format Version 12.00
# Visual Studio 15
VisualStudioVersion = 15.0.28307.539
MinimumVisualStudioVersion = 10.0.40219.1
Project("{2150E333-8FDC-42A3-9474-1A3956D46DE8}") = "Solution Items", "Solution Items", "{F8F0F4EC-5FE4-4FC8-8488-000BC8F3B85A}"
	ProjectSection(SolutionItems) = preProject
		MontrealTourism.html = MontrealTourism.html
		reset.css = reset.css
		styles.css = styles.css
	EndProjectSection
EndProject
Global
	GlobalSection(SolutionProperties) = preSolution
		HideSolutionNode = FALSE
	EndGlobalSection
	GlobalSection(ExtensibilityGlobals) = postSolution
		SolutionGuid = {DF01AA66-9F34-4F2E-BA35-DCAEF28F4B67}
	EndGlobalSection
EndGlobal
